{
  "name": "clashtools",
  "version": "1.0.0",
  "lockfileVersion": 1,
  "requires": true,
  "dependencies": {
    "@types/node": {
      "version": "18.14.1",
      "resolved": "https://registry.npmmirror.com/@types/node/-/node-18.14.1.tgz",
      "integrity": "sha512-QH+37Qds3E0eDlReeboBxfHbX9omAcBCXEzswCu6jySP642jiM3cYSIkU/REqwhCUqXdonHFuBfJDiAJxMNhaQ==",
      "dev": true
    },
    "yaml": {
      "version": "2.2.1",
      "resolved": "https://registry.npmmirror.com/yaml/-/yaml-2.2.1.tgz",
      "integrity": "sha512-e0WHiYql7+9wr4cWMx3TVQrNwejKaEe7/rHNmQmqRjazfOP5W8PB6Jpebb5o6fIapbz9o9+2ipcaTM2ZwDI6lw=="
    }
  }
}
